{
  "nodes": {
    "craft-fonts": {
      "flake": false,
      "locked": {
        "lastModified": 1791295400,
        "narHash": "sha256-e+6HpOYoAFTh6mNfGBBw2njnBzcE8W8+Jybv1+dKOCA=",
        "owner": "storytold",
        "repo": "craft-fonts",
        "rev": "abb83316d96aa59c1cf64784289e378fe9fa5695",
        "type": "github"
      },
      "original": {
        "owner": "storytold",
        "repo": "craft-fonts",
        "rev": "abb83316d96aa59c1cf64784289e378fe9fa5695",
        "type": "github"
      }
    },
    "nixpkgs": {
      "locked": {
        "lastModified": 1791260994,
        "narHash": "sha256-Miqqk/ammqnTUxaoCyvtwoPeLbI1ksFyLxi/CazZpWY=",
        "owner": "NixOS",
        "repo": "nixpkgs",
        "rev": "151fa4e8ddfdd8dd25d945ad94ed54a13de9f6e4",
        "type": "github"
      },
      "original": {
        "owner": "NixOS",
        "ref": "nixos-unstable",
        "repo": "nixpkgs",
        "type": "github"
      }
    },
    "root": {
      "inputs": {
        "craft-fonts": "craft-fonts",
        "nixpkgs": "nixpkgs"
      }
    }
  },
  "root": "root",
  "version": 7
}
